#MicroXplorer Configuration settings - do not modify
ADC1.Channel-0\#ChannelRegularConversion=ADC_CHANNEL_1
ADC1.CommonPathInternal=null|null|null|null
ADC1.DMAContinuousRequests=ENABLE
ADC1.DataAlign=ADC_DATAALIGN_RIGHT
ADC1.ExternalTrigConv=ADC_EXTERNALTRIG_HRTIM_TRG1
ADC1.IPParameters=Rank-0\#ChannelRegularConversion,master,Channel-0\#ChannelRegularConversion,SamplingTime-0\#ChannelRegularConversion,OffsetNumber-0\#ChannelRegularConversion,NbrOfConversionFlag,DataAlign,DMAContinuousRequests,ExternalTrigConv,Offset-0\#ChannelRegularConversion,CommonPathInternal
ADC1.IPParametersWithoutCheck=Offset-0\#ChannelRegularConversion
ADC1.NbrOfConversionFlag=1
ADC1.Offset-0\#ChannelRegularConversion=REF
ADC1.OffsetNumber-0\#ChannelRegularConversion=ADC_OFFSET_NONE
ADC1.Rank-0\#ChannelRegularConversion=1
ADC1.SamplingTime-0\#ChannelRegularConversion=ADC_SAMPLETIME_2CYCLES_5
ADC1.master=1
BSP_IP_NAME=NUCLEO-G474RE
CAD.formats=
CAD.pinconfig=
CAD.provider=
COMP3.IPParameters=OutputPol
COMP3.OutputPol=COMP_OUTPUTPOL_INVERTED
DAC3.DAC_DMADoubleDataMode-DAC_OUT1_Int=DISABLE
DAC3.DAC_HighFrequency_OUT1-DAC_OUT1_Int=DAC_HIGH_FREQUENCY_INTERFACE_MODE_ABOVE_160MHZ
DAC3.DAC_SampleAndHold-DAC_OUT1_Int=DAC_SAMPLEANDHOLD_DISABLE
DAC3.DAC_Trigger2_OUT1-DAC_OUT1_Int=DAC_TRIGGER_HRTIM_STEP_TRG3
DAC3.DAC_Trigger_OUT1-DAC_OUT1_Int=DAC_TRIGGER_HRTIM_RST_TRG3
DAC3.IPParameters=DAC_DMADoubleDataMode-DAC_OUT1_Int,DAC_HighFrequency_OUT1-DAC_OUT1_Int,DAC_SampleAndHold-DAC_OUT1_Int,DAC_Trigger2_OUT1-DAC_OUT1_Int,DAC_Trigger_OUT1-DAC_OUT1_Int,WaveGeneration_OUT1-DAC_OUT1_Int,ResetDataSawtooth-DAC_OUT1_Int,StepDataSawtooth-DAC_OUT1_Int
DAC3.ResetDataSawtooth-DAC_OUT1_Int=4095
DAC3.StepDataSawtooth-DAC_OUT1_Int=38
DAC3.WaveGeneration_OUT1-DAC_OUT1_Int=SawtoothWaveGenerate
Dma.ADC1.0.Direction=DMA_PERIPH_TO_MEMORY
Dma.ADC1.0.EventEnable=DISABLE
Dma.ADC1.0.Instance=DMA1_Channel1
Dma.ADC1.0.MemDataAlignment=DMA_MDATAALIGN_WORD
Dma.ADC1.0.MemInc=DMA_MINC_DISABLE
Dma.ADC1.0.Mode=DMA_CIRCULAR
Dma.ADC1.0.PeriphDataAlignment=DMA_PDATAALIGN_WORD
Dma.ADC1.0.PeriphInc=DMA_PINC_DISABLE
Dma.ADC1.0.Polarity=HAL_DMAMUX_REQ_GEN_RISING
Dma.ADC1.0.Priority=DMA_PRIORITY_HIGH
Dma.ADC1.0.RequestNumber=1
Dma.ADC1.0.RequestParameters=Instance,Direction,PeriphInc,MemInc,PeriphDataAlignment,MemDataAlignment,Mode,Priority,SignalID,Polarity,RequestNumber,SyncSignalID,SyncPolarity,SyncEnable,EventEnable,SyncRequestNumber
Dma.ADC1.0.SignalID=NONE
Dma.ADC1.0.SyncEnable=DISABLE
Dma.ADC1.0.SyncPolarity=HAL_DMAMUX_SYNC_NO_EVENT
Dma.ADC1.0.SyncRequestNumber=1
Dma.ADC1.0.SyncSignalID=NONE
Dma.Request0=ADC1
Dma.RequestsNb=1
File.Version=6
GPIO.groupedBy=Group By Peripherals
HRTIM1.ADCTrigger1_Source1=HRTIM_ADCTRIGGEREVENT13_MASTER_CMP1
HRTIM1.ADCTrigger_Id1=HRTIM_ADCTRIGGER_1
HRTIM1.CaptureUnit1-No_output_TD=__NULL
HRTIM1.CaptureUnit2-No_output_TD=__NULL
HRTIM1.CompareUnit1-MasterTimer=HRTIM_COMPAREUNIT_1
HRTIM1.CompareUnit1-No_output_TD=HRTIM_COMPAREUNIT_1
HRTIM1.CompareUnit1-Output_TA1TA2=__NULL
HRTIM1.CompareUnit1-Output_TB1TB2=__NULL
HRTIM1.CompareUnit1-Output_TC1TC2=__NULL
HRTIM1.CompareUnit1-Output_TE1=HRTIM_COMPAREUNIT_1
HRTIM1.CompareUnit2-MasterTimer=HRTIM_COMPAREUNIT_2
HRTIM1.CompareUnit2-No_output_TD=__NULL
HRTIM1.CompareUnit2-Output_TA1TA2=HRTIM_COMPAREUNIT_2
HRTIM1.CompareUnit2-Output_TC1TC2=HRTIM_COMPAREUNIT_2
HRTIM1.CompareUnit3-MasterTimer=HRTIM_COMPAREUNIT_3
HRTIM1.CompareUnit3-No_output_TD=HRTIM_COMPAREUNIT_3
HRTIM1.CompareUnit3-Output_TC1TC2=__NULL
HRTIM1.CompareUnit4-MasterTimer=__NULL
HRTIM1.CompareUnit4-No_output_TD=__NULL
HRTIM1.CompareValue1-MasterTimer=109
HRTIM1.CompareValue1-No_output_TD=544
HRTIM1.CompareValue1-Output_TE1=8160
HRTIM1.CompareValue2-MasterTimer=359
HRTIM1.CompareValue2-Output_TA1TA2=544
HRTIM1.CompareValue2-Output_TC1TC2=359
HRTIM1.CompareValue3-MasterTimer=5200
HRTIM1.CompareValue3-No_output_TD=120
HRTIM1.DACSynchro-MasterTimer=HRTIM_DACSYNC_NONE
HRTIM1.DACSynchro-Output_TA1TA2=HRTIM_DACSYNC_NONE
HRTIM1.DACSynchro-Output_TC1TC2=HRTIM_DACSYNC_NONE
HRTIM1.DeadTimeInsertion-Output_TA1TA2=HRTIM_TIMDEADTIMEINSERTION_DISABLED
HRTIM1.DeadTimeInsertion-Output_TB1TB2=HRTIM_TIMDEADTIMEINSERTION_DISABLED
HRTIM1.DualChannelDacEnableFake_TA-Output_TA1TA2=HRTIM_TIMER_DCDE_DISABLED
HRTIM1.DualChannelDacEnableFake_TC-Output_TC1TC2=HRTIM_TIMER_DCDE_ENABLED_FAKE1
HRTIM1.Event5-No_output_TD=HRTIM_EVENT_5
HRTIM1.Event5-Output_TA1TA2=HRTIM_EVENT_5
HRTIM1.Event_EEV1=__NULL
HRTIM1.Event_EEV2=__NULL
HRTIM1.Event_EEV3=__NULL
HRTIM1.Event_EEV4=__NULL
HRTIM1.Event_EEV5=HRTIM_EVENT_5
HRTIM1.FaultLevel1-Output_TA1TA2=HRTIM_OUTPUTFAULTLEVEL_INACTIVE
HRTIM1.Filter5-No_output_TD=HRTIM_TIMEEVFLT_BLANKINGCMP1
HRTIM1.Filter5-Output_TA1TA2=HRTIM_TIMEEVFLT_BLANKINGCMP2
HRTIM1.IPParameters=Periode_TA,DeadTimeInsertion-Output_TA1TA2,Polarity1-Output_TA1TA2,NumberSetSource1-Output_TA1TA2,SetOutput1_Source1-Output_TA1TA2,NumberResetSource1-Output_TA1TA2,ResetOutput1_Source1-Output_TA1TA2,Polarity2-Output_TA1TA2,NumberSetSource2_TA,NumberResetSource2_TA,CompareUnit1-Output_TA1TA2,PushPull-Output_TA1TA2,CompareUnit2-Output_TA1TA2,ADCTrigger_Id1,NumberInterruptRequests-Output_TA1TA2,NumberDMARequests_TA,Event_EEV1,Event_EEV2,Event_EEV3,Event_EEV4,InterleavedMode-Output_TA1TA2,Periode_TB,CompareUnit1-Output_TB1TB2,InterleavedMode-Output_TB1TB2,DeadTimeInsertion-Output_TB1TB2,NumberSetSource1-Output_TB1TB2,SetOutput1_Source1-Output_TB1TB2,NumberResetSource1-Output_TB1TB2,ResetOutput1_Source1-Output_TB1TB2,PushPull-Output_TB1TB2,SetOutput2_Source1-Output_TA1TA2,ResetOutput2_Source1-Output_TA1TA2,NumberSetSource2_TB,SetOutput2_Source1-Output_TB1TB2,NumberResetSource2_TB,ResetOutput2_Source1-Output_TB1TB2,NumberResetTrigger-Output_TA1TA2,NumberResetTrigger-Output_TB1TB2,ResetTrigger1-Output_TB1TB2,Polarity1-Output_TB1TB2,Polarity2-Output_TB1TB2,Periode_TD,ModeTimeBase-No_output_TD,CaptureUnit1-No_output_TD,CaptureUnit2-No_output_TD,NumberUpdateTrigger-No_output_TD,NumberResetTrigger-No_output_TD,CompareUnit1-No_output_TD,CompareUnit3-No_output_TD,CompareValue3-No_output_TD,Periode_TC,PushPull-Output_TC1TC2,NumberSetSource1-Output_TC1TC2,SetOutput1_Source1-Output_TC1TC2,NumberResetSource1-Output_TC1TC2,ResetOutput1_Source1-Output_TC1TC2,NumberSetSource2_TC,SetOutput2_Source1-Output_TC1TC2,NumberResetSource2_TC,ResetOutput2_Source1-Output_TC1TC2,CompareUnit1-Output_TC1TC2,ResetUpdate-No_output_TD,ReSyncUpdate-No_output_TD,PreloadEnable-No_output_TD,UpDownMode-No_output_TD,CompareUnit2-Output_TC1TC2,CompareUnit3-Output_TC1TC2,CompareUnit4-No_output_TD,CompareUnit2-No_output_TD,Periode_MASTER,CompareUnit1-MasterTimer,CompareValue1-MasterTimer,CompareUnit3-MasterTimer,CompareValue3-MasterTimer,ModeTimeBase-Output_TA1TA2,ResetTrigger1-Output_TA1TA2,ModeTimeBase-Output_TC1TC2,NumberResetTrigger-Output_TC1TC2,ResetTrigger1-Output_TC1TC2,ModeTimeBase-Output_TB1TB2,ResetTrigger1-No_output_TD,ResetTrigger2-No_output_TD,ResetOutput2_Source2-Output_TA1TA2,ResetOutput1_Source2-Output_TA1TA2,NumberADCTriggerSource1,ADCTrigger1_Source1,NumberInterruptRequests_Master-MasterTimer,InterruptRequests1_Master,CompareUnit2-MasterTimer,InterruptRequests1-Output_TA1TA2,Periode_TE,ModeTimeBase-Output_TE1,NumberResetTrigger-Output_TE1,ResetTrigger1-Output_TE1,NumberSetSource1-Output_TE1,SetOutput1_Source1-Output_TE1,NumberResetSource1-Output_TE1,CompareUnit1-Output_TE1,CompareValue1-Output_TE1,ResetOutput1_Source1-Output_TE1,ORingUpdateSource_ADCTrigger1,postscaler1,Event_EEV5,CompareValue2-MasterTimer,CompareUnit4-MasterTimer,Event5-Output_TA1TA2,Filter5-Output_TA1TA2,CompareValue1-No_output_TD,Event5-No_output_TD,Filter5-No_output_TD,FaultLevel1-Output_TA1TA2,CompareValue2-Output_TA1TA2,DualChannelDacEnableFake_TA-Output_TA1TA2,DACSynchro-MasterTimer,DACSynchro-Output_TA1TA2,DualChannelDacEnableFake_TC-Output_TC1TC2,CompareValue2-Output_TC1TC2,DACSynchro-Output_TC1TC2
HRTIM1.InterleavedMode-Output_TA1TA2=HRTIM_INTERLEAVED_MODE_DISABLED
HRTIM1.InterleavedMode-Output_TB1TB2=HRTIM_INTERLEAVED_MODE_DISABLED
HRTIM1.InterruptRequests1-Output_TA1TA2=HRTIM_TIM_IT_SET1
HRTIM1.InterruptRequests1_Master=HRTIM_MASTER_IT_NONE
HRTIM1.ModeTimeBase-No_output_TD=HRTIM_MODE_SINGLESHOT
HRTIM1.ModeTimeBase-Output_TA1TA2=HRTIM_MODE_SINGLESHOT
HRTIM1.ModeTimeBase-Output_TB1TB2=HRTIM_MODE_SINGLESHOT
HRTIM1.ModeTimeBase-Output_TC1TC2=HRTIM_MODE_SINGLESHOT_RETRIGGERABLE
HRTIM1.ModeTimeBase-Output_TE1=HRTIM_MODE_SINGLESHOT
HRTIM1.NumberADCTriggerSource1=1
HRTIM1.NumberDMARequests_TA=0
HRTIM1.NumberInterruptRequests-Output_TA1TA2=1
HRTIM1.NumberInterruptRequests_Master-MasterTimer=1
HRTIM1.NumberResetSource1-Output_TA1TA2=2
HRTIM1.NumberResetSource1-Output_TB1TB2=1
HRTIM1.NumberResetSource1-Output_TC1TC2=1
HRTIM1.NumberResetSource1-Output_TE1=1
HRTIM1.NumberResetSource2_TA=2
HRTIM1.NumberResetSource2_TB=1
HRTIM1.NumberResetSource2_TC=1
HRTIM1.NumberResetTrigger-No_output_TD=2
HRTIM1.NumberResetTrigger-Output_TA1TA2=1
HRTIM1.NumberResetTrigger-Output_TB1TB2=1
HRTIM1.NumberResetTrigger-Output_TC1TC2=1
HRTIM1.NumberResetTrigger-Output_TE1=1
HRTIM1.NumberSetSource1-Output_TA1TA2=1
HRTIM1.NumberSetSource1-Output_TB1TB2=1
HRTIM1.NumberSetSource1-Output_TC1TC2=1
HRTIM1.NumberSetSource1-Output_TE1=1
HRTIM1.NumberSetSource2_TA=1
HRTIM1.NumberSetSource2_TB=1
HRTIM1.NumberSetSource2_TC=1
HRTIM1.NumberUpdateTrigger-No_output_TD=0
HRTIM1.ORingUpdateSource_ADCTrigger1=HRTIM_ADCTRIGGERUPDATE_MASTER
HRTIM1.Periode_MASTER=5440
HRTIM1.Periode_TA=5440
HRTIM1.Periode_TB=5440
HRTIM1.Periode_TC=5440
HRTIM1.Periode_TD=5440
HRTIM1.Periode_TE=21760
HRTIM1.Polarity1-Output_TA1TA2=HRTIM_OUTPUTPOLARITY_HIGH
HRTIM1.Polarity1-Output_TB1TB2=HRTIM_OUTPUTPOLARITY_LOW
HRTIM1.Polarity2-Output_TA1TA2=HRTIM_OUTPUTPOLARITY_HIGH
HRTIM1.Polarity2-Output_TB1TB2=HRTIM_OUTPUTPOLARITY_LOW
HRTIM1.PreloadEnable-No_output_TD=HRTIM_PRELOAD_DISABLED
HRTIM1.PushPull-Output_TA1TA2=HRTIM_TIMPUSHPULLMODE_ENABLED
HRTIM1.PushPull-Output_TB1TB2=HRTIM_TIMPUSHPULLMODE_ENABLED
HRTIM1.PushPull-Output_TC1TC2=HRTIM_TIMPUSHPULLMODE_ENABLED
HRTIM1.ReSyncUpdate-No_output_TD=HRTIM_TIMERESYNC_UPDATE_UNCONDITIONAL
HRTIM1.ResetOutput1_Source1-Output_TA1TA2=HRTIM_OUTPUTRESET_MASTERCMP3
HRTIM1.ResetOutput1_Source1-Output_TB1TB2=HRTIM_OUTPUTRESET_TIMBEV5_TIMDCMP3
HRTIM1.ResetOutput1_Source1-Output_TC1TC2=HRTIM_OUTPUTRESET_MASTERCMP3
HRTIM1.ResetOutput1_Source1-Output_TE1=HRTIM_OUTPUTRESET_TIMCMP1
HRTIM1.ResetOutput1_Source2-Output_TA1TA2=HRTIM_OUTPUTSET_EEV_5
HRTIM1.ResetOutput2_Source1-Output_TA1TA2=HRTIM_OUTPUTRESET_MASTERCMP3
HRTIM1.ResetOutput2_Source1-Output_TB1TB2=HRTIM_OUTPUTRESET_TIMBEV5_TIMDCMP3
HRTIM1.ResetOutput2_Source1-Output_TC1TC2=HRTIM_OUTPUTRESET_MASTERCMP3
HRTIM1.ResetOutput2_Source2-Output_TA1TA2=HRTIM_OUTPUTSET_EEV_5
HRTIM1.ResetTrigger1-No_output_TD=HRTIM_TIMRESETTRIGGER_MASTER_CMP3
HRTIM1.ResetTrigger1-Output_TA1TA2=HRTIM_TIMRESETTRIGGER_MASTER_PER
HRTIM1.ResetTrigger1-Output_TB1TB2=HRTIM_TIMRESETTRIGGER_MASTER_PER
HRTIM1.ResetTrigger1-Output_TC1TC2=HRTIM_TIMRESETTRIGGER_MASTER_PER
HRTIM1.ResetTrigger1-Output_TE1=HRTIM_TIMRESETTRIGGER_MASTER_PER
HRTIM1.ResetTrigger2-No_output_TD=HRTIM_TIMRESETTRIGGER_EEV_5
HRTIM1.ResetUpdate-No_output_TD=HRTIM_TIMUPDATEONRESET_DISABLED
HRTIM1.SetOutput1_Source1-Output_TA1TA2=HRTIM_OUTPUTSET_MASTERCMP1
HRTIM1.SetOutput1_Source1-Output_TB1TB2=HRTIM_OUTPUTSET_MASTERPER
HRTIM1.SetOutput1_Source1-Output_TC1TC2=HRTIM_OUTPUTSET_MASTERPER
HRTIM1.SetOutput1_Source1-Output_TE1=HRTIM_OUTPUTSET_TIMPER
HRTIM1.SetOutput2_Source1-Output_TA1TA2=HRTIM_OUTPUTSET_MASTERCMP1
HRTIM1.SetOutput2_Source1-Output_TB1TB2=HRTIM_OUTPUTSET_MASTERPER
HRTIM1.SetOutput2_Source1-Output_TC1TC2=HRTIM_OUTPUTSET_MASTERPER
HRTIM1.UpDownMode-No_output_TD=HRTIM_TIMERUPDOWNMODE_UP
HRTIM1.postscaler1=1
KeepUserPlacement=false
Mcu.CPN=STM32G474RET6
Mcu.Family=STM32G4
Mcu.IP0=ADC1
Mcu.IP1=COMP3
Mcu.IP2=DAC3
Mcu.IP3=DMA
Mcu.IP4=HRTIM1
Mcu.IP5=NUCLEO-G474RE
Mcu.IP6=NVIC
Mcu.IP7=OPAMP6
Mcu.IP8=RCC
Mcu.IP9=SYS
Mcu.IPNb=11
Mcu.Name=STM32G474R(B-C-E)Tx
Mcu.Package=LQFP64
Mcu.Pin0=PC13
Mcu.Pin1=PC14-OSC32_IN
Mcu.Pin10=PA5
Mcu.Pin11=PB11
Mcu.Pin12=PB12
Mcu.Pin13=PB13
Mcu.Pin14=PC8
Mcu.Pin15=PA8
Mcu.Pin16=PA9
Mcu.Pin17=PA10
Mcu.Pin18=PA11
Mcu.Pin19=PA13
Mcu.Pin2=PC15-OSC32_OUT
Mcu.Pin20=PA14
Mcu.Pin21=PD2
Mcu.Pin22=PB3
Mcu.Pin23=VP_COMP3_VS_DAC3OUT1
Mcu.Pin24=VP_DAC3_VS_DACI1
Mcu.Pin25=VP_HRTIM1_VS_hrtimMasterTimerNoOutput
Mcu.Pin26=VP_HRTIM1_VS_hrtimTimerDNoOutput
Mcu.Pin27=VP_SYS_VS_Systick
Mcu.Pin28=VP_SYS_VS_DBSignals
Mcu.Pin29=VP_NUCLEO-G474RE_VS_BSP_COMMON
Mcu.Pin3=PF0-OSC_IN
Mcu.Pin4=PF1-OSC_OUT
Mcu.Pin5=PC1
Mcu.Pin6=PC2
Mcu.Pin7=PA0
Mcu.Pin8=PA2
Mcu.Pin9=PA3
Mcu.PinsNb=30
Mcu.ThirdPartyNb=0
Mcu.UserConstants=
Mcu.UserName=STM32G474RETx
MxCube.Version=6.15.0
MxDb.Version=DB.6.0.150
NUCLEO-G474RE.BUTTON=1
NUCLEO-G474RE.IPParameters=BUTTON,VCP,LD2
NUCLEO-G474RE.LD2=true
NUCLEO-G474RE.VCP=true
NVIC.ADC1_2_IRQn=true\:0\:0\:false\:false\:true\:true\:true\:true
NVIC.BusFault_IRQn=true\:0\:0\:false\:false\:true\:false\:false\:false
NVIC.DMA1_Channel1_IRQn=true\:0\:0\:false\:false\:true\:false\:true\:true
NVIC.DebugMonitor_IRQn=true\:0\:0\:false\:false\:true\:false\:false\:false
NVIC.EXTI15_10_IRQn=true\:0\:0\:false\:false\:true\:true\:true\:true
NVIC.ForceEnableDMAVector=true
NVIC.HardFault_IRQn=true\:0\:0\:false\:false\:true\:false\:false\:false
NVIC.MemoryManagement_IRQn=true\:0\:0\:false\:false\:true\:false\:false\:false
NVIC.NonMaskableInt_IRQn=true\:0\:0\:false\:false\:true\:false\:false\:false
NVIC.PendSV_IRQn=true\:0\:0\:false\:false\:true\:false\:false\:false
NVIC.PriorityGroup=NVIC_PRIORITYGROUP_4
NVIC.SVCall_IRQn=true\:0\:0\:false\:false\:true\:false\:false\:false
NVIC.SysTick_IRQn=true\:0\:0\:false\:false\:true\:false\:true\:false
NVIC.UsageFault_IRQn=true\:0\:0\:false\:false\:true\:false\:false\:false
OPAMP6.IPParameters=PowerMode
OPAMP6.PowerMode=OPAMP_POWERMODE_HIGHSPEED
PA0.Mode=IN1-Single-Ended
PA0.Signal=ADC1_IN1
PA10.Mode=Output_TB1TB2
PA10.Signal=HRTIM1_CHB1
PA11.Mode=Output_TB1TB2
PA11.Signal=HRTIM1_CHB2
PA13.GPIOParameters=GPIO_Label
PA13.GPIO_Label=T_SWDIO
PA13.Locked=true
PA13.Signal=SYS_JTMS-SWDIO
PA14.GPIOParameters=GPIO_Label
PA14.GPIO_Label=T_SWCLK
PA14.Locked=true
PA14.Signal=SYS_JTCK-SWCLK
PA2.Locked=true
PA2.Mode=Follower-DAC_OUT2-INP
PA2.Signal=OPAMP1_VOUT
PA3.Locked=true
PA3.Signal=LPUART1_RX
PA5.Locked=true
PA5.Signal=GPIO_Output
PA8.Mode=Output_TA1TA2
PA8.Signal=HRTIM1_CHA1
PA9.Mode=Output_TA1TA2
PA9.Signal=HRTIM1_CHA2
PB11.Mode=Follower-DAC_OUT2-INP
PB11.Signal=OPAMP6_VOUT
PB12.Mode=Output_TC1TC2
PB12.Signal=HRTIM1_CHC1
PB13.Mode=Output_TC1TC2
PB13.Signal=HRTIM1_CHC2
PB3.GPIOParameters=GPIO_Label
PB3.GPIO_Label=T_SWO
PB3.Locked=true
PB3.Signal=SYS_JTDO-SWO
PC1.Mode=INP
PC1.Signal=COMP3_INP
PC13.Locked=true
PC13.Signal=GPXTI13
PC14-OSC32_IN.GPIOParameters=GPIO_Label
PC14-OSC32_IN.GPIO_Label=RCC_OSC32_IN
PC14-OSC32_IN.Locked=true
PC14-OSC32_IN.Signal=RCC_OSC32_IN
PC15-OSC32_OUT.GPIOParameters=GPIO_Label
PC15-OSC32_OUT.GPIO_Label=RCC_OSC32_OUT
PC15-OSC32_OUT.Locked=true
PC15-OSC32_OUT.Signal=RCC_OSC32_OUT
PC2.Mode=ExternalOutput
PC2.Signal=COMP3_OUT
PC8.Mode=Output_TE1
PC8.Signal=HRTIM1_CHE1
PD2.GPIOParameters=GPIO_Speed,PinState,GPIO_Label
PD2.GPIO_Label=ADC_ISR_DBG
PD2.GPIO_Speed=GPIO_SPEED_FREQ_VERY_HIGH
PD2.Locked=true
PD2.PinState=GPIO_PIN_RESET
PD2.Signal=GPIO_Output
PF0-OSC_IN.GPIOParameters=GPIO_Label
PF0-OSC_IN.GPIO_Label=RCC_OSC_IN
PF0-OSC_IN.Locked=true
PF0-OSC_IN.Signal=RCC_OSC_IN
PF1-OSC_OUT.GPIOParameters=GPIO_Label
PF1-OSC_OUT.GPIO_Label=RCC_OSC_OUT
PF1-OSC_OUT.Locked=true
PF1-OSC_OUT.Signal=RCC_OSC_OUT
PinOutPanel.RotationAngle=0
ProjectManager.AskForMigrate=true
ProjectManager.BackupPrevious=false
ProjectManager.CompilerLinker=GCC
ProjectManager.CompilerOptimize=6
ProjectManager.ComputerToolchain=false
ProjectManager.CoupleFile=false
ProjectManager.CustomerFirmwarePackage=
ProjectManager.DefaultFWLocation=true
ProjectManager.DeletePrevious=true
ProjectManager.DeviceId=STM32G474RETx
ProjectManager.FirmwarePackage=STM32Cube FW_G4 V1.6.1
ProjectManager.FreePins=false
ProjectManager.HalAssertFull=false
ProjectManager.HeapSize=0x200
ProjectManager.KeepUserCode=true
ProjectManager.LastFirmware=true
ProjectManager.LibraryCopy=2
ProjectManager.MainLocation=Core/Src
ProjectManager.NoMain=false
ProjectManager.PreviousToolchain=
ProjectManager.ProjectBuild=false
ProjectManager.ProjectFileName=HRTIM_Test.ioc
ProjectManager.ProjectName=HRTIM_Test
ProjectManager.ProjectStructure=
ProjectManager.RegisterCallBack=
ProjectManager.StackSize=0x400
ProjectManager.TargetToolchain=STM32CubeIDE
ProjectManager.ToolChainLocation=
ProjectManager.UAScriptAfterPath=
ProjectManager.UAScriptBeforePath=
ProjectManager.UnderRoot=true
ProjectManager.functionlistsort=1-SystemClock_Config-RCC-false-HAL-false,2-MX_GPIO_Init-GPIO-false-HAL-true,3-MX_DMA_Init-DMA-false-HAL-true,4-MX_HRTIM1_Init-HRTIM1-false-HAL-true,5-MX_ADC1_Init-ADC1-false-HAL-true,6-MX_DAC3_Init-DAC3-false-HAL-true,7-MX_OPAMP6_Init-OPAMP6-false-HAL-true,8-MX_COMP3_Init-COMP3-false-HAL-true,false-0--NUCLEO-G474RE-true-HAL-true
RCC.ADC12Freq_Value=170000000
RCC.ADC345Freq_Value=170000000
RCC.AHBFreq_Value=170000000
RCC.APB1Freq_Value=170000000
RCC.APB1TimFreq_Value=170000000
RCC.APB2Freq_Value=170000000
RCC.APB2TimFreq_Value=170000000
RCC.CRSFreq_Value=48000000
RCC.CortexFreq_Value=170000000
RCC.EXTERNAL_CLOCK_VALUE=12288000
RCC.FCLKCortexFreq_Value=170000000
RCC.FDCANFreq_Value=170000000
RCC.FamilyName=M
RCC.HCLKFreq_Value=170000000
RCC.HRTIM1Freq_Value=170000000
RCC.HSE_VALUE=24000000
RCC.HSI48_VALUE=48000000
RCC.HSI_VALUE=16000000
RCC.I2C1Freq_Value=170000000
RCC.I2C2Freq_Value=170000000
RCC.I2C3Freq_Value=170000000
RCC.I2C4Freq_Value=170000000
RCC.I2SFreq_Value=170000000
RCC.IPParameters=ADC12Freq_Value,ADC345Freq_Value,AHBFreq_Value,APB1Freq_Value,APB1TimFreq_Value,APB2Freq_Value,APB2TimFreq_Value,CRSFreq_Value,CortexFreq_Value,EXTERNAL_CLOCK_VALUE,FCLKCortexFreq_Value,FDCANFreq_Value,FamilyName,HCLKFreq_Value,HRTIM1Freq_Value,HSE_VALUE,HSI48_VALUE,HSI_VALUE,I2C1Freq_Value,I2C2Freq_Value,I2C3Freq_Value,I2C4Freq_Value,I2SFreq_Value,LPTIM1Freq_Value,LPUART1Freq_Value,LSCOPinFreq_Value,LSE_VALUE,LSI_VALUE,MCO1PinFreq_Value,PLLM,PLLN,PLLPoutputFreq_Value,PLLQoutputFreq_Value,PLLRCLKFreq_Value,PWRFreq_Value,QSPIFreq_Value,RNGFreq_Value,RTCClockSelection,RTCFreq_Value,SAI1Freq_Value,SYSCLKFreq_VALUE,SYSCLKSource,UART4Freq_Value,UART5Freq_Value,USART1Freq_Value,USART2Freq_Value,USART3Freq_Value,USBFreq_Value,VCOInputFreq_Value,VCOOutputFreq_Value
RCC.LPTIM1Freq_Value=170000000
RCC.LPUART1Freq_Value=170000000
RCC.LSCOPinFreq_Value=32000
RCC.LSE_VALUE=32768
RCC.LSI_VALUE=32000
RCC.MCO1PinFreq_Value=16000000
RCC.PLLM=RCC_PLLM_DIV4
RCC.PLLN=85
RCC.PLLPoutputFreq_Value=170000000
RCC.PLLQoutputFreq_Value=170000000
RCC.PLLRCLKFreq_Value=170000000
RCC.PWRFreq_Value=170000000
RCC.QSPIFreq_Value=170000000
RCC.RNGFreq_Value=170000000
RCC.RTCClockSelection=RCC_RTCCLKSOURCE_LSE
RCC.RTCFreq_Value=32768
RCC.SAI1Freq_Value=170000000
RCC.SYSCLKFreq_VALUE=170000000
RCC.SYSCLKSource=RCC_SYSCLKSOURCE_PLLCLK
RCC.UART4Freq_Value=170000000
RCC.UART5Freq_Value=170000000
RCC.USART1Freq_Value=170000000
RCC.USART2Freq_Value=170000000
RCC.USART3Freq_Value=170000000
RCC.USBFreq_Value=170000000
RCC.VCOInputFreq_Value=4000000
RCC.VCOOutputFreq_Value=340000000
SH.GPXTI13.0=GPIO_EXTI13
SH.GPXTI13.ConfNb=1
VP_COMP3_VS_DAC3OUT1.Mode=INM_DAC3OUT1
VP_COMP3_VS_DAC3OUT1.Signal=COMP3_VS_DAC3OUT1
VP_DAC3_VS_DACI1.Mode=DAC_OUT1_Int
VP_DAC3_VS_DACI1.Signal=DAC3_VS_DACI1
VP_HRTIM1_VS_hrtimMasterTimerNoOutput.Mode=MasterTimer
VP_HRTIM1_VS_hrtimMasterTimerNoOutput.Signal=HRTIM1_VS_hrtimMasterTimerNoOutput
VP_HRTIM1_VS_hrtimTimerDNoOutput.Mode=No_output_TD
VP_HRTIM1_VS_hrtimTimerDNoOutput.Signal=HRTIM1_VS_hrtimTimerDNoOutput
VP_NUCLEO-G474RE_VS_BSP_COMMON.Mode=COMMON
VP_NUCLEO-G474RE_VS_BSP_COMMON.Signal=NUCLEO-G474RE_VS_BSP_COMMON
VP_SYS_VS_DBSignals.Mode=DisableDeadBatterySignals
VP_SYS_VS_DBSignals.Signal=SYS_VS_DBSignals
VP_SYS_VS_Systick.Mode=SysTick
VP_SYS_VS_Systick.Signal=SYS_VS_Systick
board=NUCLEO-G474RE
boardIOC=true
isbadioc=false
